
Microsoft Visual Studio Solution File, Format Version 12.00
# Visual Studio 14
VisualStudioVersion = 14.0.25123.0
MinimumVisualStudioVersion = 10.0.40219.1
Project("{FAE04EC0-301F-11D3-BF4B-00C04F79EFBC}") = "OMap", "OMap\OMap.csproj", "{7BF9FF6A-BEAC-4F26-9522-24ABC7E36B01}"
EndProject
Project("{FAE04EC0-301F-11D3-BF4B-00C04F79EFBC}") = "OMap.Tests", "OMap.Tests\OMap.Tests.csproj", "{7C39015D-3476-432F-A363-9149BCC09E9B}"
EndProject
Global
	GlobalSection(SolutionConfigurationPlatforms) = preSolution
		Debug|Any CPU = Debug|Any CPU
		Release|Any CPU = Release|Any CPU
	EndGlobalSection
	GlobalSection(ProjectConfigurationPlatforms) = postSolution
		{7BF9FF6A-BEAC-4F26-9522-24ABC7E36B01}.Debug|Any CPU.ActiveCfg = Debug|Any CPU
		{7BF9FF6A-BEAC-4F26-9522-24ABC7E36B01}.Debug|Any CPU.Build.0 = Debug|Any CPU
		{7BF9FF6A-BEAC-4F26-9522-24ABC7E36B01}.Release|Any CPU.ActiveCfg = Release|Any CPU
		{7BF9FF6A-BEAC-4F26-9522-24ABC7E36B01}.Release|Any CPU.Build.0 = Release|Any CPU
		{7C39015D-3476-432F-A363-9149BCC09E9B}.Debug|Any CPU.ActiveCfg = Debug|Any CPU
		{7C39015D-3476-432F-A363-9149BCC09E9B}.Debug|Any CPU.Build.0 = Debug|Any CPU
		{7C39015D-3476-432F-A363-9149BCC09E9B}.Release|Any CPU.ActiveCfg = Release|Any CPU
		{7C39015D-3476-432F-A363-9149BCC09E9B}.Release|Any CPU.Build.0 = Release|Any CPU
	EndGlobalSection
	GlobalSection(SolutionProperties) = preSolution
		HideSolutionNode = FALSE
	EndGlobalSection
EndGlobal
